# This file is autogenerated, do not edit; changes may be undone by the next 'dep ensure'.


[[projects]]
  digest = "1:20114d717d92911b2e1adeae28e1e2740929a006abfd86526967feff429ba93b"
  name = "github.com/aws/aws-lambda-go"
  packages = [
    "events",
    "lambda",
    "lambda/handlertrace",
    "lambda/messages",
    "lambdacontext",
  ]
  pruneopts = "UT"
  revision = "e5086e5a7e53f7039034fa29008221760b04ff79"
  version = "v1.13.2"

[[projects]]
  branch = "master"
  digest = "1:73e2bdf5d603a879310a280c145a53aafd6a660aed0283596a939210a1202ccc"
  name = "github.com/mlabouardy/imdb"
  packages = ["."]
  pruneopts = "UT"
  revision = "be51a3e51743fb28c03abeaf1738485ddef58509"

[solve-meta]
  analyzer-name = "dep"
  analyzer-version = 1
  input-imports = [
    "github.com/aws/aws-lambda-go/events",
    "github.com/aws/aws-lambda-go/lambda",
    "github.com/mlabouardy/imdb",
  ]
  solver-name = "gps-cdcl"
  solver-version = 1
