# This file is autogenerated, do not edit; changes may be undone by the next 'dep ensure'.


[[projects]]
  digest = "1:cbec35fe4d5a4fba369a656a8cd65e244ea2c743007d8f6c1ccb132acf9d1296"
  name = "github.com/gorilla/mux"
  packages = ["."]
  pruneopts = "UT"
  revision = "00bdffe0f3c77e27d2cf6f5c70232a2d3e4d9c15"
  version = "v1.7.3"

[[projects]]
  branch = "master"
  digest = "1:73e2bdf5d603a879310a280c145a53aafd6a660aed0283596a939210a1202ccc"
  name = "github.com/mlabouardy/imdb"
  packages = ["."]
  pruneopts = "UT"
  revision = "be51a3e51743fb28c03abeaf1738485ddef58509"

[solve-meta]
  analyzer-name = "dep"
  analyzer-version = 1
  input-imports = [
    "github.com/gorilla/mux",
    "github.com/mlabouardy/imdb",
  ]
  solver-name = "gps-cdcl"
  solver-version = 1